
Microsoft Visual Studio Solution File, Format Version 12.00
# Visual Studio 14
VisualStudioVersion = 14.0.25420.1
MinimumVisualStudioVersion = 10.0.40219.1
Project("{FAE04EC0-301F-11D3-BF4B-00C04F79EFBC}") = "RRLightService", "PanoptoRRLightService\RRLightService.csproj", "{8C3D798C-B52C-4BF8-BB92-09D39BB4C20C}"
EndProject
Project("{930C7802-8A8C-48F9-8165-68863BCCD9DD}") = "PanoptoRRLightServiceInstaller", "PanoptoRRLightServiceInstaller\PanoptoRRLightServiceInstaller.wixproj", "{39F23985-023C-472E-A1D1-9D5908C14358}"
	ProjectSection(ProjectDependencies) = postProject
		{8C3D798C-B52C-4BF8-BB92-09D39BB4C20C} = {8C3D798C-B52C-4BF8-BB92-09D39BB4C20C}
	EndProjectSection
EndProject
Global
	GlobalSection(SolutionConfigurationPlatforms) = preSolution
		Debug|x86 = Debug|x86
		Release|x86 = Release|x86
	EndGlobalSection
	GlobalSection(ProjectConfigurationPlatforms) = postSolution
		{8C3D798C-B52C-4BF8-BB92-09D39BB4C20C}.Debug|x86.ActiveCfg = Debug|x86
		{8C3D798C-B52C-4BF8-BB92-09D39BB4C20C}.Debug|x86.Build.0 = Debug|x86
		{8C3D798C-B52C-4BF8-BB92-09D39BB4C20C}.Release|x86.ActiveCfg = Release|x86
		{8C3D798C-B52C-4BF8-BB92-09D39BB4C20C}.Release|x86.Build.0 = Release|x86
		{39F23985-023C-472E-A1D1-9D5908C14358}.Debug|x86.ActiveCfg = Debug|x86
		{39F23985-023C-472E-A1D1-9D5908C14358}.Release|x86.ActiveCfg = Release|x86
		{39F23985-023C-472E-A1D1-9D5908C14358}.Release|x86.Build.0 = Release|x86
	EndGlobalSection
	GlobalSection(SolutionProperties) = preSolution
		HideSolutionNode = FALSE
	EndGlobalSection
EndGlobal
